{
  "requires": true,
  "lockfileVersion": 1,
  "dependencies": {
    "goober": {
      "version": "2.0.43",
      "resolved": "https://registry.npmjs.org/goober/-/goober-2.0.43.tgz",
      "integrity": "sha512-xXrS0EyblOQb2Isn9CO9XyG9f0MXThbbj0I66SYr3fyyM80/R6XHqjBxHBkl0KbTSdFgng9lQyP6m0AD90iwdA=="
    },
    "react-hot-toast": {
      "version": "2.1.1",
      "resolved": "https://registry.npmjs.org/react-hot-toast/-/react-hot-toast-2.1.1.tgz",
      "integrity": "sha512-Odrp4wue0fHh0pOfZt5H+9nWCMtqs3wdlFSzZPp7qsxfzmbE26QmGWIh6hG43CukiPeOjA8WQhBJU8JwtWvWbQ==",
      "requires": {
        "goober": "^2.0.35"
      }
    }
  }
}
